
Microsoft Visual Studio Solution File, Format Version 12.00
# Visual Studio Version 16
VisualStudioVersion = 16.0.810.14
MinimumVisualStudioVersion = 10.0.40219.1
Project("{FAE04EC0-301F-11D3-BF4B-00C04F79EFBC}") = "flashcardApi", "flashcardApi.csproj", "{16454AE1-7323-48A5-BA0F-14567A29BA8A}"
EndProject
Global
	GlobalSection(SolutionConfigurationPlatforms) = preSolution
		Debug|Any CPU = Debug|Any CPU
		Release|Any CPU = Release|Any CPU
	EndGlobalSection
	GlobalSection(ProjectConfigurationPlatforms) = postSolution
		{16454AE1-7323-48A5-BA0F-14567A29BA8A}.Debug|Any CPU.ActiveCfg = Debug|Any CPU
		{16454AE1-7323-48A5-BA0F-14567A29BA8A}.Debug|Any CPU.Build.0 = Debug|Any CPU
		{16454AE1-7323-48A5-BA0F-14567A29BA8A}.Release|Any CPU.ActiveCfg = Release|Any CPU
		{16454AE1-7323-48A5-BA0F-14567A29BA8A}.Release|Any CPU.Build.0 = Release|Any CPU
	EndGlobalSection
	GlobalSection(SolutionProperties) = preSolution
		HideSolutionNode = FALSE
	EndGlobalSection
	GlobalSection(ExtensibilityGlobals) = postSolution
		SolutionGuid = {F9B33813-4433-45F9-AEEE-50645299D490}
	EndGlobalSection
EndGlobal
